
Microsoft Visual Studio Solution File, Format Version 12.00
# Visual Studio Version 17
VisualStudioVersion = 17.10.34928.147
MinimumVisualStudioVersion = 10.0.40219.1
Project("{9A19103F-16F7-4668-BE54-9A1E7A4F7556}") = "View.Console", "View.Console\View.Console.csproj", "{CF8B62DE-49A7-49AD-A068-5BA00BE184EE}"
EndProject
Project("{FAE04EC0-301F-11D3-BF4B-00C04F79EFBC}") = "AntAlgorithm", "AntAlgorithm\AntAlgorithm.csproj", "{EB6DE52C-74C6-4DF5-A286-6EC05AECD019}"
EndProject
Project("{FAE04EC0-301F-11D3-BF4B-00C04F79EFBC}") = "View.WinForms", "View.WinForms\View.WinForms.csproj", "{2F4A1CE2-661C-46AF-9C09-898FBA1DF1EF}"
EndProject
Global
	GlobalSection(SolutionConfigurationPlatforms) = preSolution
		Debug|Any CPU = Debug|Any CPU
		Release|Any CPU = Release|Any CPU
	EndGlobalSection
	GlobalSection(ProjectConfigurationPlatforms) = postSolution
		{CF8B62DE-49A7-49AD-A068-5BA00BE184EE}.Debug|Any CPU.ActiveCfg = Debug|Any CPU
		{CF8B62DE-49A7-49AD-A068-5BA00BE184EE}.Debug|Any CPU.Build.0 = Debug|Any CPU
		{CF8B62DE-49A7-49AD-A068-5BA00BE184EE}.Release|Any CPU.ActiveCfg = Release|Any CPU
		{CF8B62DE-49A7-49AD-A068-5BA00BE184EE}.Release|Any CPU.Build.0 = Release|Any CPU
		{EB6DE52C-74C6-4DF5-A286-6EC05AECD019}.Debug|Any CPU.ActiveCfg = Debug|Any CPU
		{EB6DE52C-74C6-4DF5-A286-6EC05AECD019}.Debug|Any CPU.Build.0 = Debug|Any CPU
		{EB6DE52C-74C6-4DF5-A286-6EC05AECD019}.Release|Any CPU.ActiveCfg = Release|Any CPU
		{EB6DE52C-74C6-4DF5-A286-6EC05AECD019}.Release|Any CPU.Build.0 = Release|Any CPU
		{2F4A1CE2-661C-46AF-9C09-898FBA1DF1EF}.Debug|Any CPU.ActiveCfg = Debug|Any CPU
		{2F4A1CE2-661C-46AF-9C09-898FBA1DF1EF}.Debug|Any CPU.Build.0 = Debug|Any CPU
		{2F4A1CE2-661C-46AF-9C09-898FBA1DF1EF}.Release|Any CPU.ActiveCfg = Release|Any CPU
		{2F4A1CE2-661C-46AF-9C09-898FBA1DF1EF}.Release|Any CPU.Build.0 = Release|Any CPU
	EndGlobalSection
	GlobalSection(SolutionProperties) = preSolution
		HideSolutionNode = FALSE
	EndGlobalSection
	GlobalSection(ExtensibilityGlobals) = postSolution
		SolutionGuid = {BBED01FF-D289-468E-A7B0-F38788495906}
	EndGlobalSection
EndGlobal
